
Microsoft Visual Studio Solution File, Format Version 12.00
# Visual Studio Version 17
VisualStudioVersion = 17.11.35312.102
MinimumVisualStudioVersion = 10.0.40219.1
Project("{FAE04EC0-301F-11D3-BF4B-00C04F79EFBC}") = "Fibonacci", "Fibonacci\Fibonacci.csproj", "{EEDDECA4-B5DC-49DE-82F5-4AE637EB54EB}"
EndProject
Global
	GlobalSection(SolutionConfigurationPlatforms) = preSolution
		Debug|Any CPU = Debug|Any CPU
		Release|Any CPU = Release|Any CPU
	EndGlobalSection
	GlobalSection(ProjectConfigurationPlatforms) = postSolution
		{EEDDECA4-B5DC-49DE-82F5-4AE637EB54EB}.Debug|Any CPU.ActiveCfg = Debug|Any CPU
		{EEDDECA4-B5DC-49DE-82F5-4AE637EB54EB}.Debug|Any CPU.Build.0 = Debug|Any CPU
		{EEDDECA4-B5DC-49DE-82F5-4AE637EB54EB}.Release|Any CPU.ActiveCfg = Release|Any CPU
		{EEDDECA4-B5DC-49DE-82F5-4AE637EB54EB}.Release|Any CPU.Build.0 = Release|Any CPU
	EndGlobalSection
	GlobalSection(SolutionProperties) = preSolution
		HideSolutionNode = FALSE
	EndGlobalSection
	GlobalSection(ExtensibilityGlobals) = postSolution
		SolutionGuid = {C19ADE39-D846-4632-B9D8-F00251FE9329}
	EndGlobalSection
EndGlobal
